{
  "name": "gm-builder",
  "version": "1.0.0",
  "lockfileVersion": 3,
  "requires": true,
  "packages": {
    "": {
      "name": "gm-builder",
      "version": "1.0.0",
      "license": "MIT",
      "dependencies": {
        "gm-gc": "^2.0.727",
        "js-yaml": "^4.1.0"
      },
      "bin": {
        "gm-builder": "cli.js"
      },
      "engines": {
        "node": ">=16.0.0"
      }
    },
    "node_modules/argparse": {
      "version": "2.0.1",
      "resolved": "https://registry.npmjs.org/argparse/-/argparse-2.0.1.tgz",
      "integrity": "sha512-8+9WqebbFzpX9OR+Wa6O29asIogeRMzcGtAINdpMHHyAg10f05aSFVBbcEqGf/PXw1EjAZ+q2/bEBg3DvurK3Q=="
    },
    "node_modules/gm-gc": {
      "version": "2.0.727",
      "resolved": "https://registry.npmjs.org/gm-gc/-/gm-gc-2.0.727.tgz",
      "integrity": "sha512-WQjCmE0TdGcc0VfyMYO7uBuCaivevIgWTcFmkiS2mgguGhNGbs0MpUZlfuHyPj+QkJ0iyj95vcrbVregAvauYg==",
      "bin": {
        "gm-gc": "cli.js",
        "gm-gc-install": "install.js"
      },
      "engines": {
        "node": ">=16.0.0"
      }
    },
    "node_modules/js-yaml": {
      "version": "4.1.1",
      "resolved": "https://registry.npmjs.org/js-yaml/-/js-yaml-4.1.1.tgz",
      "integrity": "sha512-qQKT4zQxXl8lLwBtHMWwaTcGfFOZviOJet3Oy/xmGk2gZH677CJM9EvtfdSkgWcATZhj/55JZ0rmy3myCT5lsA==",
      "dependencies": {
        "argparse": "^2.0.1"
      },
      "bin": {
        "js-yaml": "bin/js-yaml.js"
      }
    }
  }
}
